
Microsoft Visual Studio Solution File, Format Version 12.00
# Visual Studio 15
VisualStudioVersion = 15.0.28307.1022
MinimumVisualStudioVersion = 10.0.40219.1
Project("{D2ABAB84-BF74-430A-B69E-9DC6D40DDA17}") = "adw_Cube_PabloAlvarez", "adw_Cube_PabloAlvarez\adw_Cube_PabloAlvarez.dwproj", "{90414BBC-61ED-45B1-B740-4501F4165316}"
EndProject
Global
	GlobalSection(SolutionConfigurationPlatforms) = preSolution
		Development|Default = Development|Default
	EndGlobalSection
	GlobalSection(ProjectConfigurationPlatforms) = postSolution
		{90414BBC-61ED-45B1-B740-4501F4165316}.Development|Default.ActiveCfg = Development
		{90414BBC-61ED-45B1-B740-4501F4165316}.Development|Default.Build.0 = Development
		{90414BBC-61ED-45B1-B740-4501F4165316}.Development|Default.Deploy.0 = Development
	EndGlobalSection
	GlobalSection(SolutionProperties) = preSolution
		HideSolutionNode = FALSE
	EndGlobalSection
	GlobalSection(ExtensibilityGlobals) = postSolution
		SolutionGuid = {2ABC9730-0ABB-4A73-A0CD-99A2C2F0B53B}
	EndGlobalSection
EndGlobal
